
Microsoft Visual Studio Solution File, Format Version 12.00
# Visual Studio Version 17
VisualStudioVersion = 17.10.35013.160
MinimumVisualStudioVersion = 10.0.40219.1
Project("{9A19103F-16F7-4668-BE54-9A1E7A4F7556}") = "HospitalManagementSystem", "HospitalManagementSystem\HospitalManagementSystem.csproj", "{1985C68B-B381-4219-92C6-359E57F90176}"
EndProject
Project("{FAE04EC0-301F-11D3-BF4B-00C04F79EFBC}") = "HospitalManagementSystem.Test", "HospitalManagementSystem.Test\HospitalManagementSystem.Test.csproj", "{A94269F3-21EA-435F-BC89-83DD1D7C64E7}"
EndProject
Global
	GlobalSection(SolutionConfigurationPlatforms) = preSolution
		Debug|Any CPU = Debug|Any CPU
		Release|Any CPU = Release|Any CPU
	EndGlobalSection
	GlobalSection(ProjectConfigurationPlatforms) = postSolution
		{1985C68B-B381-4219-92C6-359E57F90176}.Debug|Any CPU.ActiveCfg = Debug|Any CPU
		{1985C68B-B381-4219-92C6-359E57F90176}.Debug|Any CPU.Build.0 = Debug|Any CPU
		{1985C68B-B381-4219-92C6-359E57F90176}.Release|Any CPU.ActiveCfg = Release|Any CPU
		{1985C68B-B381-4219-92C6-359E57F90176}.Release|Any CPU.Build.0 = Release|Any CPU
		{A94269F3-21EA-435F-BC89-83DD1D7C64E7}.Debug|Any CPU.ActiveCfg = Debug|Any CPU
		{A94269F3-21EA-435F-BC89-83DD1D7C64E7}.Debug|Any CPU.Build.0 = Debug|Any CPU
		{A94269F3-21EA-435F-BC89-83DD1D7C64E7}.Release|Any CPU.ActiveCfg = Release|Any CPU
		{A94269F3-21EA-435F-BC89-83DD1D7C64E7}.Release|Any CPU.Build.0 = Release|Any CPU
	EndGlobalSection
	GlobalSection(SolutionProperties) = preSolution
		HideSolutionNode = FALSE
	EndGlobalSection
	GlobalSection(ExtensibilityGlobals) = postSolution
		SolutionGuid = {CC853922-257F-4729-8C16-40671088BE1F}
	EndGlobalSection
EndGlobal
